<?xml version="1.0" encoding="utf-8"?>
<Project ToolsVersion="4.0" xmlns="http://schemas.microsoft.com/developer/msbuild/2003">
  <ItemGroup>
    <Filter Include="Source Files">
      <UniqueIdentifier>{4FC737F1-C7A5-4376-A066-2A32D752A2FF}</UniqueIdentifier>
      <Extensions>cpp;c;cc;cxx;def;odl;idl;hpj;bat;asm;asmx</Extensions>
    </Filter>
    <Filter Include="Header Files">
      <UniqueIdentifier>{93995380-89BD-4b04-88EB-625FBE52EBFB}</UniqueIdentifier>
      <Extensions>h;hpp;hxx;hm;inl;inc;xsd</Extensions>
    </Filter>
    <Filter Include="Resource Files">
      <UniqueIdentifier>{67DA6AB6-F800-4c08-8B7A-83BB121AAD01}</UniqueIdentifier>
      <Extensions>rc;ico;cur;bmp;dlg;rc2;rct;bin;rgs;gif;jpg;jpeg;jpe;resx;tiff;tif;png;wav;mfcribbon-ms</Extensions>
    </Filter>
    <Filter Include="PugiXml">
      <UniqueIdentifier>{907c037d-45b8-4af9-a58f-902df65ba557}</UniqueIdentifier>
    </Filter>
  </ItemGroup>
  <ItemGroup>
    <ClInclude Include="bbx_BlackBox.h">
      <Filter>Header Files</Filter>
    </ClInclude>
    <ClInclude Include="bbx_File.h">
      <Filter>Header Files</Filter>
    </ClInclude>
    <ClInclude Include="bbx_FileReader.h">
      <Filter>Header Files</Filter>
    </ClInclude>
    <ClInclude Include="bbx_Page.h">
      <Filter>Header Files</Filter>
    </ClInclude>
    <ClInclude Include="bbx_Reader.h">
      <Filter>Header Files</Filter>
    </ClInclude>
    <ClInclude Include="bbx_Record.h">
      <Filter>Header Files</Filter>
    </ClInclude>
    <ClInclude Include="bbx_Requirements.h">
      <Filter>Header Files</Filter>
    </ClInclude>
    <ClInclude Include="bbx_Writer.h">
      <Filter>Header Files</Filter>
    </ClInclude>
    <ClInclude Include="stdafx.h">
      <Filter>Header Files</Filter>
    </ClInclude>
    <ClInclude Include="..\..\AdoptTools\PugiXML\pugiconfig.hpp">
      <Filter>PugiXml</Filter>
    </ClInclude>
    <ClInclude Include="..\..\AdoptTools\PugiXML\pugixml.hpp">
      <Filter>PugiXml</Filter>
    </ClInclude>
    <ClInclude Include="bbx_Extension.h">
      <Filter>Header Files</Filter>
    </ClInclude>
    <ClInclude Include="bbx_PartHeader.h">
      <Filter>Header Files</Filter>
    </ClInclude>
    <ClInclude Include="bbx_BlockingPtrQueue.h">
      <Filter>Header Files</Filter>
    </ClInclude>
    <ClInclude Include="bbx_Identifier.h">
      <Filter>Header Files</Filter>
    </ClInclude>
    <ClInclude Include="bbx_Location.h">
      <Filter>Header Files</Filter>
    </ClInclude>
    <ClInclude Include="bbx_Stamp.h">
      <Filter>Header Files</Filter>
    </ClInclude>
    <ClInclude Include="..\helpful\FilesByMask.h">
      <Filter>Header Files</Filter>
    </ClInclude>
    <ClInclude Include="bbx_FileChain.h">
      <Filter>Header Files</Filter>
    </ClInclude>
    <ClInclude Include="..\helpful\FileId.h">
      <Filter>Header Files</Filter>
    </ClInclude>
  </ItemGroup>
  <ItemGroup>
    <ClCompile Include="bbx_File.cpp">
      <Filter>Source Files</Filter>
    </ClCompile>
    <ClCompile Include="bbx_FileReader.cpp">
      <Filter>Source Files</Filter>
    </ClCompile>
    <ClCompile Include="bbx_Page.cpp">
      <Filter>Source Files</Filter>
    </ClCompile>
    <ClCompile Include="bbx_Reader.cpp">
      <Filter>Source Files</Filter>
    </ClCompile>
    <ClCompile Include="bbx_Record.cpp">
      <Filter>Source Files</Filter>
    </ClCompile>
    <ClCompile Include="bbx_Writer.cpp">
      <Filter>Source Files</Filter>
    </ClCompile>
    <ClCompile Include="stdafx.cpp">
      <Filter>Source Files</Filter>
    </ClCompile>
    <ClCompile Include="bbx_BlackBox.cpp">
      <Filter>Source Files</Filter>
    </ClCompile>
    <ClCompile Include="..\..\AdoptTools\PugiXML\pugixml.cpp">
      <Filter>PugiXml</Filter>
    </ClCompile>
    <ClCompile Include="bbx_Extension.cpp">
      <Filter>Source Files</Filter>
    </ClCompile>
    <ClCompile Include="bbx_Location.cpp">
      <Filter>Source Files</Filter>
    </ClCompile>
    <ClCompile Include="..\helpful\FilesByMask.cpp">
      <Filter>Source Files</Filter>
    </ClCompile>
    <ClCompile Include="bbx_FileChain.cpp">
      <Filter>Source Files</Filter>
    </ClCompile>
    <ClCompile Include="bbx_Identifier.cpp">
      <Filter>Source Files</Filter>
    </ClCompile>
  </ItemGroup>
</Project>